// !$*UTF8*$!
{
	archiveVersion = 1;
	classes = {
	};
	objectVersion = 46;
	objects = {

/* Begin PBXBuildFile section */
		10682C8C1B3D4D5400EA5AF8 /* AddNotificationView.m in Sources */ = {isa = PBXBuildFile; fileRef = 10682C8B1B3D4D5400EA5AF8 /* AddNotificationView.m */; };
		10878A331B3296C0001B47A8 /* main.m in Sources */ = {isa = PBXBuildFile; fileRef = 10878A321B3296C0001B47A8 /* main.m */; };
		10878A361B3296C0001B47A8 /* AppDelegate.m in Sources */ = {isa = PBXBuildFile; fileRef = 10878A351B3296C0001B47A8 /* AppDelegate.m */; };
		10878A391B3296C0001B47A8 /* ViewController.m in Sources */ = {isa = PBXBuildFile; fileRef = 10878A381B3296C0001B47A8 /* ViewController.m */; };
		10878A3C1B3296C0001B47A8 /* Main.storyboard in Resources */ = {isa = PBXBuildFile; fileRef = 10878A3A1B3296C0001B47A8 /* Main.storyboard */; };
		10878A3E1B3296C0001B47A8 /* Images.xcassets in Resources */ = {isa = PBXBuildFile; fileRef = 10878A3D1B3296C0001B47A8 /* Images.xcassets */; };
		10878A411B3296C0001B47A8 /* LaunchScreen.xib in Resources */ = {isa = PBXBuildFile; fileRef = 10878A3F1B3296C0001B47A8 /* LaunchScreen.xib */; };
		10878A4D1B3296C0001B47A8 /* WatchDemoTests.m in Sources */ = {isa = PBXBuildFile; fileRef = 10878A4C1B3296C0001B47A8 /* WatchDemoTests.m */; };
		10878A581B329816001B47A8 /* WatchView.m in Sources */ = {isa = PBXBuildFile; fileRef = 10878A571B329816001B47A8 /* WatchView.m */; };
		10878A5C1B32A0BA001B47A8 /* SecondHandView.m in Sources */ = {isa = PBXBuildFile; fileRef = 10878A5B1B32A0BA001B47A8 /* SecondHandView.m */; };
		10878A5F1B32B358001B47A8 /* DialView.m in Sources */ = {isa = PBXBuildFile; fileRef = 10878A5E1B32B358001B47A8 /* DialView.m */; };
		10878A621B32B4D1001B47A8 /* DialElement.m in Sources */ = {isa = PBXBuildFile; fileRef = 10878A611B32B4D1001B47A8 /* DialElement.m */; };
		10878A6A1B32BFD1001B47A8 /* TimeElement.m in Sources */ = {isa = PBXBuildFile; fileRef = 10878A651B32BFD1001B47A8 /* TimeElement.m */; };
		10878A6B1B32BFD1001B47A8 /* TimeSourceModel.m in Sources */ = {isa = PBXBuildFile; fileRef = 10878A671B32BFD1001B47A8 /* TimeSourceModel.m */; };
		10878A6C1B32BFD1001B47A8 /* TimeView.m in Sources */ = {isa = PBXBuildFile; fileRef = 10878A691B32BFD1001B47A8 /* TimeView.m */; };
		10A166581B3A7E1E00434072 /* background.jpg in Resources */ = {isa = PBXBuildFile; fileRef = 10A166571B3A7E1E00434072 /* background.jpg */; };
/* End PBXBuildFile section */

/* Begin PBXContainerItemProxy section */
		10878A471B3296C0001B47A8 /* PBXContainerItemProxy */ = {
			isa = PBXContainerItemProxy;
			containerPortal = 10878A251B3296C0001B47A8 /* Project object */;
			proxyType = 1;
			remoteGlobalIDString = 10878A2C1B3296C0001B47A8;
			remoteInfo = WatchDemo;
		};
/* End PBXContainerItemProxy section */

/* Begin PBXFileReference section */
		10682C8A1B3D4D5400EA5AF8 /* AddNotificationView.h */ = {isa = PBXFileReference; fileEncoding = 4; lastKnownFileType = sourcecode.c.h; name = AddNotificationView.h; path = Views/AddNotificationView.h; sourceTree = "<group>"; };
		10682C8B1B3D4D5400EA5AF8 /* AddNotificationView.m */ = {isa = PBXFileReference; fileEncoding = 4; lastKnownFileType = sourcecode.c.objc; name = AddNotificationView.m; path = Views/AddNotificationView.m; sourceTree = "<group>"; };
		10878A2D1B3296C0001B47A8 /* WatchDemo.app */ = {isa = PBXFileReference; explicitFileType = wrapper.application; includeInIndex = 0; path = WatchDemo.app; sourceTree = BUILT_PRODUCTS_DIR; };
		10878A311B3296C0001B47A8 /* Info.plist */ = {isa = PBXFileReference; lastKnownFileType = text.plist.xml; path = Info.plist; sourceTree = "<group>"; };
		10878A321B3296C0001B47A8 /* main.m */ = {isa = PBXFileReference; lastKnownFileType = sourcecode.c.objc; path = main.m; sourceTree = "<group>"; };
		10878A341B3296C0001B47A8 /* AppDelegate.h */ = {isa = PBXFileReference; lastKnownFileType = sourcecode.c.h; path = AppDelegate.h; sourceTree = "<group>"; };
		10878A351B3296C0001B47A8 /* AppDelegate.m */ = {isa = PBXFileReference; lastKnownFileType = sourcecode.c.objc; path = AppDelegate.m; sourceTree = "<group>"; };
		10878A371B3296C0001B47A8 /* ViewController.h */ = {isa = PBXFileReference; lastKnownFileType = sourcecode.c.h; path = ViewController.h; sourceTree = "<group>"; };
		10878A381B3296C0001B47A8 /* ViewController.m */ = {isa = PBXFileReference; lastKnownFileType = sourcecode.c.objc; path = ViewController.m; sourceTree = "<group>"; };
		10878A3B1B3296C0001B47A8 /* Base */ = {isa = PBXFileReference; lastKnownFileType = file.storyboard; name = Base; path = Base.lproj/Main.storyboard; sourceTree = "<group>"; };
		10878A3D1B3296C0001B47A8 /* Images.xcassets */ = {isa = PBXFileReference; lastKnownFileType = folder.assetcatalog; path = Images.xcassets; sourceTree = "<group>"; };
		10878A401B3296C0001B47A8 /* Base */ = {isa = PBXFileReference; lastKnownFileType = file.xib; name = Base; path = Base.lproj/LaunchScreen.xib; sourceTree = "<group>"; };
		10878A461B3296C0001B47A8 /* WatchDemoTests.xctest */ = {isa = PBXFileReference; explicitFileType = wrapper.cfbundle; includeInIndex = 0; path = WatchDemoTests.xctest; sourceTree = BUILT_PRODUCTS_DIR; };
		10878A4B1B3296C0001B47A8 /* Info.plist */ = {isa = PBXFileReference; lastKnownFileType = text.plist.xml; path = Info.plist; sourceTree = "<group>"; };
		10878A4C1B3296C0001B47A8 /* WatchDemoTests.m */ = {isa = PBXFileReference; lastKnownFileType = sourcecode.c.objc; path = WatchDemoTests.m; sourceTree = "<group>"; };
		10878A561B329816001B47A8 /* WatchView.h */ = {isa = PBXFileReference; fileEncoding = 4; lastKnownFileType = sourcecode.c.h; name = WatchView.h; path = Views/WatchView.h; sourceTree = "<group>"; };
		10878A571B329816001B47A8 /* WatchView.m */ = {isa = PBXFileReference; fileEncoding = 4; lastKnownFileType = sourcecode.c.objc; name = WatchView.m; path = Views/WatchView.m; sourceTree = "<group>"; };
		10878A5A1B32A0BA001B47A8 /* SecondHandView.h */ = {isa = PBXFileReference; fileEncoding = 4; lastKnownFileType = sourcecode.c.h; name = SecondHandView.h; path = Views/SecondHandView.h; sourceTree = "<group>"; };
		10878A5B1B32A0BA001B47A8 /* SecondHandView.m */ = {isa = PBXFileReference; fileEncoding = 4; lastKnownFileType = sourcecode.c.objc; name = SecondHandView.m; path = Views/SecondHandView.m; sourceTree = "<group>"; };
		10878A5D1B32B358001B47A8 /* DialView.h */ = {isa = PBXFileReference; fileEncoding = 4; lastKnownFileType = sourcecode.c.h; name = DialView.h; path = Views/DialView.h; sourceTree = "<group>"; };
		10878A5E1B32B358001B47A8 /* DialView.m */ = {isa = PBXFileReference; fileEncoding = 4; lastKnownFileType = sourcecode.c.objc; name = DialView.m; path = Views/DialView.m; sourceTree = "<group>"; };
		10878A601B32B4D1001B47A8 /* DialElement.h */ = {isa = PBXFileReference; fileEncoding = 4; lastKnownFileType = sourcecode.c.h; name = DialElement.h; path = Views/DialElement.h; sourceTree = "<group>"; };
		10878A611B32B4D1001B47A8 /* DialElement.m */ = {isa = PBXFileReference; fileEncoding = 4; lastKnownFileType = sourcecode.c.objc; name = DialElement.m; path = Views/DialElement.m; sourceTree = "<group>"; };
		10878A641B32BFD1001B47A8 /* TimeElement.h */ = {isa = PBXFileReference; fileEncoding = 4; lastKnownFileType = sourcecode.c.h; path = TimeElement.h; sourceTree = "<group>"; };
		10878A651B32BFD1001B47A8 /* TimeElement.m */ = {isa = PBXFileReference; fileEncoding = 4; lastKnownFileType = sourcecode.c.objc; path = TimeElement.m; sourceTree = "<group>"; };
		10878A661B32BFD1001B47A8 /* TimeSourceModel.h */ = {isa = PBXFileReference; fileEncoding = 4; lastKnownFileType = sourcecode.c.h; path = TimeSourceModel.h; sourceTree = "<group>"; };
		10878A671B32BFD1001B47A8 /* TimeSourceModel.m */ = {isa = PBXFileReference; fileEncoding = 4; lastKnownFileType = sourcecode.c.objc; path = TimeSourceModel.m; sourceTree = "<group>"; };
		10878A681B32BFD1001B47A8 /* TimeView.h */ = {isa = PBXFileReference; fileEncoding = 4; lastKnownFileType = sourcecode.c.h; path = TimeView.h; sourceTree = "<group>"; };
		10878A691B32BFD1001B47A8 /* TimeView.m */ = {isa = PBXFileReference; fileEncoding = 4; lastKnownFileType = sourcecode.c.objc; path = TimeView.m; sourceTree = "<group>"; };
		10A166571B3A7E1E00434072 /* background.jpg */ = {isa = PBXFileReference; lastKnownFileType = image.jpeg; path = background.jpg; sourceTree = "<group>"; };
/* End PBXFileReference section */

/* Begin PBXFrameworksBuildPhase section */
		10878A2A1B3296C0001B47A8 /* Frameworks */ = {
			isa = PBXFrameworksBuildPhase;
			buildActionMask = 2147483647;
			files = (
			);
			runOnlyForDeploymentPostprocessing = 0;
		};
		10878A431B3296C0001B47A8 /* Frameworks */ = {
			isa = PBXFrameworksBuildPhase;
			buildActionMask = 2147483647;
			files = (
			);
			runOnlyForDeploymentPostprocessing = 0;
		};
/* End PBXFrameworksBuildPhase section */

/* Begin PBXGroup section */
		10878A241B3296C0001B47A8 = {
			isa = PBXGroup;
			children = (
				10878A2F1B3296C0001B47A8 /* WatchDemo */,
				10878A491B3296C0001B47A8 /* WatchDemoTests */,
				10878A2E1B3296C0001B47A8 /* Products */,
			);
			sourceTree = "<group>";
		};
		10878A2E1B3296C0001B47A8 /* Products */ = {
			isa = PBXGroup;
			children = (
				10878A2D1B3296C0001B47A8 /* WatchDemo.app */,
				10878A461B3296C0001B47A8 /* WatchDemoTests.xctest */,
			);
			name = Products;
			sourceTree = "<group>";
		};
		10878A2F1B3296C0001B47A8 /* WatchDemo */ = {
			isa = PBXGroup;
			children = (
				10878A371B3296C0001B47A8 /* ViewController.h */,
				10878A381B3296C0001B47A8 /* ViewController.m */,
				10A166561B3A7E1E00434072 /* Images */,
				10878A591B32981A001B47A8 /* WatchViews */,
				10878A631B32BFD1001B47A8 /* TimeView */,
				10878A301B3296C0001B47A8 /* Supporting Files */,
			);
			path = WatchDemo;
			sourceTree = "<group>";
		};
		10878A301B3296C0001B47A8 /* Supporting Files */ = {
			isa = PBXGroup;
			children = (
				10878A341B3296C0001B47A8 /* AppDelegate.h */,
				10878A351B3296C0001B47A8 /* AppDelegate.m */,
				10878A3A1B3296C0001B47A8 /* Main.storyboard */,
				10878A3D1B3296C0001B47A8 /* Images.xcassets */,
				10878A3F1B3296C0001B47A8 /* LaunchScreen.xib */,
				10878A311B3296C0001B47A8 /* Info.plist */,
				10878A321B3296C0001B47A8 /* main.m */,
			);
			name = "Supporting Files";
			sourceTree = "<group>";
		};
		10878A491B3296C0001B47A8 /* WatchDemoTests */ = {
			isa = PBXGroup;
			children = (
				10878A4C1B3296C0001B47A8 /* WatchDemoTests.m */,
				10878A4A1B3296C0001B47A8 /* Supporting Files */,
			);
			path = WatchDemoTests;
			sourceTree = "<group>";
		};
		10878A4A1B3296C0001B47A8 /* Supporting Files */ = {
			isa = PBXGroup;
			children = (
				10878A4B1B3296C0001B47A8 /* Info.plist */,
			);
			name = "Supporting Files";
			sourceTree = "<group>";
		};
		10878A591B32981A001B47A8 /* WatchViews */ = {
			isa = PBXGroup;
			children = (
				10878A561B329816001B47A8 /* WatchView.h */,
				10878A571B329816001B47A8 /* WatchView.m */,
				10878A5D1B32B358001B47A8 /* DialView.h */,
				10878A5E1B32B358001B47A8 /* DialView.m */,
				10878A601B32B4D1001B47A8 /* DialElement.h */,
				10878A611B32B4D1001B47A8 /* DialElement.m */,
				10878A5A1B32A0BA001B47A8 /* SecondHandView.h */,
				10878A5B1B32A0BA001B47A8 /* SecondHandView.m */,
				10682C8A1B3D4D5400EA5AF8 /* AddNotificationView.h */,
				10682C8B1B3D4D5400EA5AF8 /* AddNotificationView.m */,
			);
			name = WatchViews;
			sourceTree = "<group>";
		};
		10878A631B32BFD1001B47A8 /* TimeView */ = {
			isa = PBXGroup;
			children = (
				10878A681B32BFD1001B47A8 /* TimeView.h */,
				10878A691B32BFD1001B47A8 /* TimeView.m */,
				10878A641B32BFD1001B47A8 /* TimeElement.h */,
				10878A651B32BFD1001B47A8 /* TimeElement.m */,
				10878A661B32BFD1001B47A8 /* TimeSourceModel.h */,
				10878A671B32BFD1001B47A8 /* TimeSourceModel.m */,
			);
			path = TimeView;
			sourceTree = "<group>";
		};
		10A166561B3A7E1E00434072 /* Images */ = {
			isa = PBXGroup;
			children = (
				10A166571B3A7E1E00434072 /* background.jpg */,
			);
			path = Images;
			sourceTree = "<group>";
		};
/* End PBXGroup section */

/* Begin PBXNativeTarget section */
		10878A2C1B3296C0001B47A8 /* WatchDemo */ = {
			isa = PBXNativeTarget;
			buildConfigurationList = 10878A501B3296C0001B47A8 /* Build configuration list for PBXNativeTarget "WatchDemo" */;
			buildPhases = (
				10878A291B3296C0001B47A8 /* Sources */,
				10878A2A1B3296C0001B47A8 /* Frameworks */,
				10878A2B1B3296C0001B47A8 /* Resources */,
			);
			buildRules = (
			);
			dependencies = (
			);
			name = WatchDemo;
			productName = WatchDemo;
			productReference = 10878A2D1B3296C0001B47A8 /* WatchDemo.app */;
			productType = "com.apple.product-type.application";
		};
		10878A451B3296C0001B47A8 /* WatchDemoTests */ = {
			isa = PBXNativeTarget;
			buildConfigurationList = 10878A531B3296C0001B47A8 /* Build configuration list for PBXNativeTarget "WatchDemoTests" */;
			buildPhases = (
				10878A421B3296C0001B47A8 /* Sources */,
				10878A431B3296C0001B47A8 /* Frameworks */,
				10878A441B3296C0001B47A8 /* Resources */,
			);
			buildRules = (
			);
			dependencies = (
				10878A481B3296C0001B47A8 /* PBXTargetDependency */,
			);
			name = WatchDemoTests;
			productName = WatchDemoTests;
			productReference = 10878A461B3296C0001B47A8 /* WatchDemoTests.xctest */;
			productType = "com.apple.product-type.bundle.unit-test";
		};
/* End PBXNativeTarget section */

/* Begin PBXProject section */
		10878A251B3296C0001B47A8 /* Project object */ = {
			isa = PBXProject;
			attributes = {
				LastUpgradeCheck = 0620;
				ORGANIZATIONNAME = Lightech;
				TargetAttributes = {
					10878A2C1B3296C0001B47A8 = {
						CreatedOnToolsVersion = 6.2;
					};
					10878A451B3296C0001B47A8 = {
						CreatedOnToolsVersion = 6.2;
						TestTargetID = 10878A2C1B3296C0001B47A8;
					};
				};
			};
			buildConfigurationList = 10878A281B3296C0001B47A8 /* Build configuration list for PBXProject "WatchDemo" */;
			compatibilityVersion = "Xcode 3.2";
			developmentRegion = English;
			hasScannedForEncodings = 0;
			knownRegions = (
				en,
				Base,
			);
			mainGroup = 10878A241B3296C0001B47A8;
			productRefGroup = 10878A2E1B3296C0001B47A8 /* Products */;
			projectDirPath = "";
			projectRoot = "";
			targets = (
				10878A2C1B3296C0001B47A8 /* WatchDemo */,
				10878A451B3296C0001B47A8 /* WatchDemoTests */,
			);
		};
/* End PBXProject section */

/* Begin PBXResourcesBuildPhase section */
		10878A2B1B3296C0001B47A8 /* Resources */ = {
			isa = PBXResourcesBuildPhase;
			buildActionMask = 2147483647;
			files = (
				10878A3C1B3296C0001B47A8 /* Main.storyboard in Resources */,
				10A166581B3A7E1E00434072 /* background.jpg in Resources */,
				10878A411B3296C0001B47A8 /* LaunchScreen.xib in Resources */,
				10878A3E1B3296C0001B47A8 /* Images.xcassets in Resources */,
			);
			runOnlyForDeploymentPostprocessing = 0;
		};
		10878A441B3296C0001B47A8 /* Resources */ = {
			isa = PBXResourcesBuildPhase;
			buildActionMask = 2147483647;
			files = (
			);
			runOnlyForDeploymentPostprocessing = 0;
		};
/* End PBXResourcesBuildPhase section */

/* Begin PBXSourcesBuildPhase section */
		10878A291B3296C0001B47A8 /* Sources */ = {
			isa = PBXSourcesBuildPhase;
			buildActionMask = 2147483647;
			files = (
				10878A6B1B32BFD1001B47A8 /* TimeSourceModel.m in Sources */,
				10878A581B329816001B47A8 /* WatchView.m in Sources */,
				10878A6A1B32BFD1001B47A8 /* TimeElement.m in Sources */,
				10878A391B3296C0001B47A8 /* ViewController.m in Sources */,
				10682C8C1B3D4D5400EA5AF8 /* AddNotificationView.m in Sources */,
				10878A361B3296C0001B47A8 /* AppDelegate.m in Sources */,
				10878A5F1B32B358001B47A8 /* DialView.m in Sources */,
				10878A5C1B32A0BA001B47A8 /* SecondHandView.m in Sources */,
				10878A6C1B32BFD1001B47A8 /* TimeView.m in Sources */,
				10878A621B32B4D1001B47A8 /* DialElement.m in Sources */,
				10878A331B3296C0001B47A8 /* main.m in Sources */,
			);
			runOnlyForDeploymentPostprocessing = 0;
		};
		10878A421B3296C0001B47A8 /* Sources */ = {
			isa = PBXSourcesBuildPhase;
			buildActionMask = 2147483647;
			files = (
				10878A4D1B3296C0001B47A8 /* WatchDemoTests.m in Sources */,
			);
			runOnlyForDeploymentPostprocessing = 0;
		};
/* End PBXSourcesBuildPhase section */

/* Begin PBXTargetDependency section */
		10878A481B3296C0001B47A8 /* PBXTargetDependency */ = {
			isa = PBXTargetDependency;
			target = 10878A2C1B3296C0001B47A8 /* WatchDemo */;
			targetProxy = 10878A471B3296C0001B47A8 /* PBXContainerItemProxy */;
		};
/* End PBXTargetDependency section */

/* Begin PBXVariantGroup section */
		10878A3A1B3296C0001B47A8 /* Main.storyboard */ = {
			isa = PBXVariantGroup;
			children = (
				10878A3B1B3296C0001B47A8 /* Base */,
			);
			name = Main.storyboard;
			sourceTree = "<group>";
		};
		10878A3F1B3296C0001B47A8 /* LaunchScreen.xib */ = {
			isa = PBXVariantGroup;
			children = (
				10878A401B3296C0001B47A8 /* Base */,
			);
			name = LaunchScreen.xib;
			sourceTree = "<group>";
		};
/* End PBXVariantGroup section */

/* Begin XCBuildConfiguration section */
		10878A4E1B3296C0001B47A8 /* Debug */ = {
			isa = XCBuildConfiguration;
			buildSettings = {
				ALWAYS_SEARCH_USER_PATHS = NO;
				CLANG_CXX_LANGUAGE_STANDARD = "gnu++0x";
				CLANG_CXX_LIBRARY = "libc++";
				CLANG_ENABLE_MODULES = YES;
				CLANG_ENABLE_OBJC_ARC = YES;
				CLANG_WARN_BOOL_CONVERSION = YES;
				CLANG_WARN_CONSTANT_CONVERSION = YES;
				CLANG_WARN_DIRECT_OBJC_ISA_USAGE = YES_ERROR;
				CLANG_WARN_EMPTY_BODY = YES;
				CLANG_WARN_ENUM_CONVERSION = YES;
				CLANG_WARN_INT_CONVERSION = YES;
				CLANG_WARN_OBJC_ROOT_CLASS = YES_ERROR;
				CLANG_WARN_UNREACHABLE_CODE = YES;
				CLANG_WARN__DUPLICATE_METHOD_MATCH = YES;
				"CODE_SIGN_IDENTITY[sdk=iphoneos*]" = "iPhone Developer";
				COPY_PHASE_STRIP = NO;
				ENABLE_STRICT_OBJC_MSGSEND = YES;
				GCC_C_LANGUAGE_STANDARD = gnu99;
				GCC_DYNAMIC_NO_PIC = NO;
				GCC_OPTIMIZATION_LEVEL = 0;
				GCC_PREPROCESSOR_DEFINITIONS = (
					"DEBUG=1",
					"$(inherited)",
				);
				GCC_SYMBOLS_PRIVATE_EXTERN = NO;
				GCC_WARN_64_TO_32_BIT_CONVERSION = YES;
				GCC_WARN_ABOUT_RETURN_TYPE = YES_ERROR;
				GCC_WARN_UNDECLARED_SELECTOR = YES;
				GCC_WARN_UNINITIALIZED_AUTOS = YES_AGGRESSIVE;
				GCC_WARN_UNUSED_FUNCTION = YES;
				GCC_WARN_UNUSED_VARIABLE = YES;
				IPHONEOS_DEPLOYMENT_TARGET = 8.2;
				MTL_ENABLE_DEBUG_INFO = YES;
				ONLY_ACTIVE_ARCH = YES;
				SDKROOT = iphoneos;
			};
			name = Debug;
		};
		10878A4F1B3296C0001B47A8 /* Release */ = {
			isa = XCBuildConfiguration;
			buildSettings = {
				ALWAYS_SEARCH_USER_PATHS = NO;
				CLANG_CXX_LANGUAGE_STANDARD = "gnu++0x";
				CLANG_CXX_LIBRARY = "libc++";
				CLANG_ENABLE_MODULES = YES;
				CLANG_ENABLE_OBJC_ARC = YES;
				CLANG_WARN_BOOL_CONVERSION = YES;
				CLANG_WARN_CONSTANT_CONVERSION = YES;
				CLANG_WARN_DIRECT_OBJC_ISA_USAGE = YES_ERROR;
				CLANG_WARN_EMPTY_BODY = YES;
				CLANG_WARN_ENUM_CONVERSION = YES;
				CLANG_WARN_INT_CONVERSION = YES;
				CLANG_WARN_OBJC_ROOT_CLASS = YES_ERROR;
				CLANG_WARN_UNREACHABLE_CODE = YES;
				CLANG_WARN__DUPLICATE_METHOD_MATCH = YES;
				"CODE_SIGN_IDENTITY[sdk=iphoneos*]" = "iPhone Developer";
				COPY_PHASE_STRIP = NO;
				ENABLE_NS_ASSERTIONS = NO;
				ENABLE_STRICT_OBJC_MSGSEND = YES;
				GCC_C_LANGUAGE_STANDARD = gnu99;
				GCC_WARN_64_TO_32_BIT_CONVERSION = YES;
				GCC_WARN_ABOUT_RETURN_TYPE = YES_ERROR;
				GCC_WARN_UNDECLARED_SELECTOR = YES;
				GCC_WARN_UNINITIALIZED_AUTOS = YES_AGGRESSIVE;
				GCC_WARN_UNUSED_FUNCTION = YES;
				GCC_WARN_UNUSED_VARIABLE = YES;
				IPHONEOS_DEPLOYMENT_TARGET = 8.2;
				MTL_ENABLE_DEBUG_INFO = NO;
				SDKROOT = iphoneos;
				VALIDATE_PRODUCT = YES;
			};
			name = Release;
		};
		10878A511B3296C0001B47A8 /* Debug */ = {
			isa = XCBuildConfiguration;
			buildSettings = {
				ASSETCATALOG_COMPILER_APPICON_NAME = AppIcon;
				INFOPLIST_FILE = WatchDemo/Info.plist;
				LD_RUNPATH_SEARCH_PATHS = "$(inherited) @executable_path/Frameworks";
				PRODUCT_NAME = "$(TARGET_NAME)";
			};
			name = Debug;
		};
		10878A521B3296C0001B47A8 /* Release */ = {
			isa = XCBuildConfiguration;
			buildSettings = {
				ASSETCATALOG_COMPILER_APPICON_NAME = AppIcon;
				INFOPLIST_FILE = WatchDemo/Info.plist;
				LD_RUNPATH_SEARCH_PATHS = "$(inherited) @executable_path/Frameworks";
				PRODUCT_NAME = "$(TARGET_NAME)";
			};
			name = Release;
		};
		10878A541B3296C0001B47A8 /* Debug */ = {
			isa = XCBuildConfiguration;
			buildSettings = {
				BUNDLE_LOADER = "$(TEST_HOST)";
				FRAMEWORK_SEARCH_PATHS = (
					"$(SDKROOT)/Developer/Library/Frameworks",
					"$(inherited)",
				);
				GCC_PREPROCESSOR_DEFINITIONS = (
					"DEBUG=1",
					"$(inherited)",
				);
				INFOPLIST_FILE = WatchDemoTests/Info.plist;
				LD_RUNPATH_SEARCH_PATHS = "$(inherited) @executable_path/Frameworks @loader_path/Frameworks";
				PRODUCT_NAME = "$(TARGET_NAME)";
				TEST_HOST = "$(BUILT_PRODUCTS_DIR)/WatchDemo.app/WatchDemo";
			};
			name = Debug;
		};
		10878A551B3296C0001B47A8 /* Release */ = {
			isa = XCBuildConfiguration;
			buildSettings = {
				BUNDLE_LOADER = "$(TEST_HOST)";
				FRAMEWORK_SEARCH_PATHS = (
					"$(SDKROOT)/Developer/Library/Frameworks",
					"$(inherited)",
				);
				INFOPLIST_FILE = WatchDemoTests/Info.plist;
				LD_RUNPATH_SEARCH_PATHS = "$(inherited) @executable_path/Frameworks @loader_path/Frameworks";
				PRODUCT_NAME = "$(TARGET_NAME)";
				TEST_HOST = "$(BUILT_PRODUCTS_DIR)/WatchDemo.app/WatchDemo";
			};
			name = Release;
		};
/* End XCBuildConfiguration section */

/* Begin XCConfigurationList section */
		10878A281B3296C0001B47A8 /* Build configuration list for PBXProject "WatchDemo" */ = {
			isa = XCConfigurationList;
			buildConfigurations = (
				10878A4E1B3296C0001B47A8 /* Debug */,
				10878A4F1B3296C0001B47A8 /* Release */,
			);
			defaultConfigurationIsVisible = 0;
			defaultConfigurationName = Release;
		};
		10878A501B3296C0001B47A8 /* Build configuration list for PBXNativeTarget "WatchDemo" */ = {
			isa = XCConfigurationList;
			buildConfigurations = (
				10878A511B3296C0001B47A8 /* Debug */,
				10878A521B3296C0001B47A8 /* Release */,
			);
			defaultConfigurationIsVisible = 0;
			defaultConfigurationName = Release;
		};
		10878A531B3296C0001B47A8 /* Build configuration list for PBXNativeTarget "WatchDemoTests" */ = {
			isa = XCConfigurationList;
			buildConfigurations = (
				10878A541B3296C0001B47A8 /* Debug */,
				10878A551B3296C0001B47A8 /* Release */,
			);
			defaultConfigurationIsVisible = 0;
			defaultConfigurationName = Release;
		};
/* End XCConfigurationList section */
	};
	rootObject = 10878A251B3296C0001B47A8 /* Project object */;
}
